
Microsoft Visual Studio Solution File, Format Version 12.00
# Visual Studio 14
VisualStudioVersion = 14.0.24720.0
MinimumVisualStudioVersion = 10.0.40219.1
Project("{FAE04EC0-301F-11D3-BF4B-00C04F79EFBC}") = "RideWizz", "RideWizz\RideWizz.csproj", "{EE7DF90A-2092-4A74-909D-B130D92976A4}"
EndProject
Project("{FAE04EC0-301F-11D3-BF4B-00C04F79EFBC}") = "Tests", "Tests\Tests.csproj", "{53B04E86-EA08-4F0E-B37B-64C7355E0B3B}"
EndProject
Global
	GlobalSection(SolutionConfigurationPlatforms) = preSolution
		Debug|Any CPU = Debug|Any CPU
		Release|Any CPU = Release|Any CPU
	EndGlobalSection
	GlobalSection(ProjectConfigurationPlatforms) = postSolution
		{EE7DF90A-2092-4A74-909D-B130D92976A4}.Debug|Any CPU.ActiveCfg = Debug|Any CPU
		{EE7DF90A-2092-4A74-909D-B130D92976A4}.Debug|Any CPU.Build.0 = Debug|Any CPU
		{EE7DF90A-2092-4A74-909D-B130D92976A4}.Release|Any CPU.ActiveCfg = Release|Any CPU
		{EE7DF90A-2092-4A74-909D-B130D92976A4}.Release|Any CPU.Build.0 = Release|Any CPU
		{53B04E86-EA08-4F0E-B37B-64C7355E0B3B}.Debug|Any CPU.ActiveCfg = Debug|Any CPU
		{53B04E86-EA08-4F0E-B37B-64C7355E0B3B}.Debug|Any CPU.Build.0 = Debug|Any CPU
		{53B04E86-EA08-4F0E-B37B-64C7355E0B3B}.Release|Any CPU.ActiveCfg = Release|Any CPU
		{53B04E86-EA08-4F0E-B37B-64C7355E0B3B}.Release|Any CPU.Build.0 = Release|Any CPU
	EndGlobalSection
	GlobalSection(SolutionProperties) = preSolution
		HideSolutionNode = FALSE
	EndGlobalSection
EndGlobal
